{
    "_readme": [
        "This file locks the dependencies of your project to a known state",
        "Read more about it at https://getcomposer.org/doc/01-basic-usage.md#installing-dependencies",
        "This file is @generated automatically"
    ],
    "content-hash": "dcd84fd9c9159914236613fe5e5077a7",
    "packages": [
        {
            "name": "verdient/http",
            "version": "1.0.8",
            "source": {
                "type": "git",
                "url": "https://github.com/Verdient/http.git",
                "reference": "e784ae426dee855fc79dddc189440412b35dc52b"
            },
            "dist": {
                "type": "zip",
                "url": "https://api.github.com/repos/Verdient/http/zipball/e784ae426dee855fc79dddc189440412b35dc52b",
                "reference": "e784ae426dee855fc79dddc189440412b35dc52b",
                "shasum": ""
            },
            "require": {
                "php": ">=7.0.0"
            },
            "require-dev": {
                "swoole/ide-helper": "^4.8"
            },
            "type": "library",
            "autoload": {
                "psr-4": {
                    "Verdient\\http\\": "src"
                }
            },
            "notification-url": "https://packagist.org/downloads/",
            "license": [
                "MIT"
            ],
            "authors": [
                {
                    "name": "Verdient.",
                    "email": "fagui.zhu@foxmail.com",
                    "homepage": "https://github.com/Verdient"
                }
            ],
            "description": "php http client",
            "homepage": "https://github.com/Verdient/http",
            "keywords": [
                "http",
                "request",
                "restful"
            ],
            "support": {
                "issues": "https://github.com/Verdient/http/issues",
                "source": "https://github.com/Verdient/http"
            },
            "time": "2023-12-26T03:43:30+00:00"
        },
        {
            "name": "verdient/http-api",
            "version": "1.0.0",
            "source": {
                "type": "git",
                "url": "https://github.com/Verdient/http-api.git",
                "reference": "9edd60fade3a2a758c29f6263e150e9e10315d1e"
            },
            "dist": {
                "type": "zip",
                "url": "https://api.github.com/repos/Verdient/http-api/zipball/9edd60fade3a2a758c29f6263e150e9e10315d1e",
                "reference": "9edd60fade3a2a758c29f6263e150e9e10315d1e",
                "shasum": ""
            },
            "require": {
                "php": ">=7.0.0",
                "verdient/http": "^1.0"
            },
            "type": "library",
            "autoload": {
                "psr-4": {
                    "Verdient\\HttpAPI\\": "src"
                }
            },
            "notification-url": "https://packagist.org/downloads/",
            "license": [
                "MIT"
            ],
            "authors": [
                {
                    "name": "Verdient.",
                    "email": "fagui.zhu@foxmail.com",
                    "homepage": "https://github.com/Verdient"
                }
            ],
            "description": "HTTP API PACKAGE",
            "homepage": "https://github.com/Verdient/http-api",
            "keywords": [
                "api",
                "http-api",
                "package"
            ],
            "support": {
                "issues": "https://github.com/Verdient/http-api/issues",
                "source": "https://github.com/Verdient/http-api"
            },
            "time": "2023-08-16T11:30:27+00:00"
        }
    ],
    "packages-dev": [
        {
            "name": "swoole/ide-helper",
            "version": "4.8.12",
            "source": {
                "type": "git",
                "url": "https://github.com/swoole/ide-helper.git",
                "reference": "afe3a09f8c49a6011e2206a03e55e391d97d81b0"
            },
            "dist": {
                "type": "zip",
                "url": "https://api.github.com/repos/swoole/ide-helper/zipball/afe3a09f8c49a6011e2206a03e55e391d97d81b0",
                "reference": "afe3a09f8c49a6011e2206a03e55e391d97d81b0",
                "shasum": ""
            },
            "type": "library",
            "notification-url": "https://packagist.org/downloads/",
            "license": [
                "Apache-2.0"
            ],
            "authors": [
                {
                    "name": "Team Swoole",
                    "email": "team@swoole.com"
                }
            ],
            "description": "IDE help files for Swoole.",
            "support": {
                "issues": "https://github.com/swoole/ide-helper/issues",
                "source": "https://github.com/swoole/ide-helper/tree/4.8.12"
            },
            "funding": [
                {
                    "url": "https://gitee.com/swoole/swoole?donate=true",
                    "type": "custom"
                },
                {
                    "url": "https://github.com/swoole",
                    "type": "github"
                }
            ],
            "time": "2022-09-22T16:31:12+00:00"
        }
    ],
    "aliases": [],
    "minimum-stability": "stable",
    "stability-flags": [],
    "prefer-stable": false,
    "prefer-lowest": false,
    "platform": [],
    "platform-dev": [],
    "plugin-api-version": "2.3.0"
}
